
Microsoft Visual Studio Solution File, Format Version 12.00
# Visual Studio Version 17
VisualStudioVersion = 17.5.33530.505
MinimumVisualStudioVersion = 10.0.40219.1
Project("{9A19103F-16F7-4668-BE54-9A1E7A4F7556}") = "OWL.MVC", "OWL.MVC.csproj", "{843EB84E-E8E3-4F66-ACC0-2BDBC71044AD}"
EndProject
Project("{FAE04EC0-301F-11D3-BF4B-00C04F79EFBC}") = "OWL.DataAccess", "..\OWL.DataAccess\OWL.DataAccess.csproj", "{90B167A0-A63C-468E-BD4B-6944B0749497}"
EndProject
Project("{FAE04EC0-301F-11D3-BF4B-00C04F79EFBC}") = "OWL.Core", "..\OWL.Core\OWL.Core.csproj", "{AE2E0A95-4822-4013-91C7-0F48AA66A80E}"
EndProject
Project("{FAE04EC0-301F-11D3-BF4B-00C04F79EFBC}") = "OWL.Test", "..\OWL.Test\OWL.Test.csproj", "{3B0CFE84-64FF-4D3F-9C73-708A7A49F009}"
EndProject
Global
	GlobalSection(SolutionConfigurationPlatforms) = preSolution
		Debug|Any CPU = Debug|Any CPU
		Release|Any CPU = Release|Any CPU
	EndGlobalSection
	GlobalSection(ProjectConfigurationPlatforms) = postSolution
		{843EB84E-E8E3-4F66-ACC0-2BDBC71044AD}.Debug|Any CPU.ActiveCfg = Debug|Any CPU
		{843EB84E-E8E3-4F66-ACC0-2BDBC71044AD}.Debug|Any CPU.Build.0 = Debug|Any CPU
		{843EB84E-E8E3-4F66-ACC0-2BDBC71044AD}.Release|Any CPU.ActiveCfg = Release|Any CPU
		{843EB84E-E8E3-4F66-ACC0-2BDBC71044AD}.Release|Any CPU.Build.0 = Release|Any CPU
		{90B167A0-A63C-468E-BD4B-6944B0749497}.Debug|Any CPU.ActiveCfg = Debug|Any CPU
		{90B167A0-A63C-468E-BD4B-6944B0749497}.Debug|Any CPU.Build.0 = Debug|Any CPU
		{90B167A0-A63C-468E-BD4B-6944B0749497}.Release|Any CPU.ActiveCfg = Release|Any CPU
		{90B167A0-A63C-468E-BD4B-6944B0749497}.Release|Any CPU.Build.0 = Release|Any CPU
		{AE2E0A95-4822-4013-91C7-0F48AA66A80E}.Debug|Any CPU.ActiveCfg = Debug|Any CPU
		{AE2E0A95-4822-4013-91C7-0F48AA66A80E}.Debug|Any CPU.Build.0 = Debug|Any CPU
		{AE2E0A95-4822-4013-91C7-0F48AA66A80E}.Release|Any CPU.ActiveCfg = Release|Any CPU
		{AE2E0A95-4822-4013-91C7-0F48AA66A80E}.Release|Any CPU.Build.0 = Release|Any CPU
		{3B0CFE84-64FF-4D3F-9C73-708A7A49F009}.Debug|Any CPU.ActiveCfg = Debug|Any CPU
		{3B0CFE84-64FF-4D3F-9C73-708A7A49F009}.Debug|Any CPU.Build.0 = Debug|Any CPU
		{3B0CFE84-64FF-4D3F-9C73-708A7A49F009}.Release|Any CPU.ActiveCfg = Release|Any CPU
		{3B0CFE84-64FF-4D3F-9C73-708A7A49F009}.Release|Any CPU.Build.0 = Release|Any CPU
	EndGlobalSection
	GlobalSection(SolutionProperties) = preSolution
		HideSolutionNode = FALSE
	EndGlobalSection
	GlobalSection(ExtensibilityGlobals) = postSolution
		SolutionGuid = {A36009DA-D571-4BBC-80CB-CD5D52DF5FFE}
	EndGlobalSection
EndGlobal
